// !$*UTF8*$!
{
	archiveVersion = 1;
	classes = {
	};
	objectVersion = 55;
	objects = {

/* Begin PBXBuildFile section */
		15DF5BEF0B9312B647F6A3F0 /* Pods_NewsAPP.framework in Frameworks */ = {isa = PBXBuildFile; fileRef = 52C6419A87DF2ABDC6C2CE32 /* Pods_NewsAPP.framework */; };
		29171A4B28FF3230000DB9CA /* AppDelegate.swift in Sources */ = {isa = PBXBuildFile; fileRef = 29171A4A28FF3230000DB9CA /* AppDelegate.swift */; };
		29171A5428FF3234000DB9CA /* Assets.xcassets in Resources */ = {isa = PBXBuildFile; fileRef = 29171A5328FF3234000DB9CA /* Assets.xcassets */; };
		29171A5728FF3234000DB9CA /* LaunchScreen.storyboard in Resources */ = {isa = PBXBuildFile; fileRef = 29171A5528FF3234000DB9CA /* LaunchScreen.storyboard */; };
		29171A5F28FF3CDE000DB9CA /* FirstViewController.swift in Sources */ = {isa = PBXBuildFile; fileRef = 29171A5E28FF3CDE000DB9CA /* FirstViewController.swift */; };
		29171A6128FF3D8E000DB9CA /* NewsModel.swift in Sources */ = {isa = PBXBuildFile; fileRef = 29171A6028FF3D8E000DB9CA /* NewsModel.swift */; };
		29171A6328FF4554000DB9CA /* SecondViewController.swift in Sources */ = {isa = PBXBuildFile; fileRef = 29171A6228FF4554000DB9CA /* SecondViewController.swift */; };
		292B7EF229003DC80061565B /* LinkTableViewCell.swift in Sources */ = {isa = PBXBuildFile; fileRef = 292B7EF129003DC80061565B /* LinkTableViewCell.swift */; };
/* End PBXBuildFile section */

/* Begin PBXFileReference section */
		29171A4728FF3230000DB9CA /* NewsAPP.app */ = {isa = PBXFileReference; explicitFileType = wrapper.application; includeInIndex = 0; path = NewsAPP.app; sourceTree = BUILT_PRODUCTS_DIR; };
		29171A4A28FF3230000DB9CA /* AppDelegate.swift */ = {isa = PBXFileReference; lastKnownFileType = sourcecode.swift; path = AppDelegate.swift; sourceTree = "<group>"; };
		29171A5328FF3234000DB9CA /* Assets.xcassets */ = {isa = PBXFileReference; lastKnownFileType = folder.assetcatalog; path = Assets.xcassets; sourceTree = "<group>"; };
		29171A5628FF3234000DB9CA /* Base */ = {isa = PBXFileReference; lastKnownFileType = file.storyboard; name = Base; path = Base.lproj/LaunchScreen.storyboard; sourceTree = "<group>"; };
		29171A5828FF3234000DB9CA /* Info.plist */ = {isa = PBXFileReference; lastKnownFileType = text.plist.xml; path = Info.plist; sourceTree = "<group>"; };
		29171A5E28FF3CDE000DB9CA /* FirstViewController.swift */ = {isa = PBXFileReference; lastKnownFileType = sourcecode.swift; path = FirstViewController.swift; sourceTree = "<group>"; };
		29171A6028FF3D8E000DB9CA /* NewsModel.swift */ = {isa = PBXFileReference; lastKnownFileType = sourcecode.swift; path = NewsModel.swift; sourceTree = "<group>"; };
		29171A6228FF4554000DB9CA /* SecondViewController.swift */ = {isa = PBXFileReference; lastKnownFileType = sourcecode.swift; path = SecondViewController.swift; sourceTree = "<group>"; };
		292B7EF129003DC80061565B /* LinkTableViewCell.swift */ = {isa = PBXFileReference; lastKnownFileType = sourcecode.swift; path = LinkTableViewCell.swift; sourceTree = "<group>"; };
		52C6419A87DF2ABDC6C2CE32 /* Pods_NewsAPP.framework */ = {isa = PBXFileReference; explicitFileType = wrapper.framework; includeInIndex = 0; path = Pods_NewsAPP.framework; sourceTree = BUILT_PRODUCTS_DIR; };
		A3ECDA74238AC1FF46A9D228 /* Pods-NewsAPP.release.xcconfig */ = {isa = PBXFileReference; includeInIndex = 1; lastKnownFileType = text.xcconfig; name = "Pods-NewsAPP.release.xcconfig"; path = "Target Support Files/Pods-NewsAPP/Pods-NewsAPP.release.xcconfig"; sourceTree = "<group>"; };
		B58FD623B553770994D65ECE /* Pods-NewsAPP.debug.xcconfig */ = {isa = PBXFileReference; includeInIndex = 1; lastKnownFileType = text.xcconfig; name = "Pods-NewsAPP.debug.xcconfig"; path = "Target Support Files/Pods-NewsAPP/Pods-NewsAPP.debug.xcconfig"; sourceTree = "<group>"; };
/* End PBXFileReference section */

/* Begin PBXFrameworksBuildPhase section */
		29171A4428FF3230000DB9CA /* Frameworks */ = {
			isa = PBXFrameworksBuildPhase;
			buildActionMask = 2147483647;
			files = (
				15DF5BEF0B9312B647F6A3F0 /* Pods_NewsAPP.framework in Frameworks */,
			);
			runOnlyForDeploymentPostprocessing = 0;
		};
/* End PBXFrameworksBuildPhase section */

/* Begin PBXGroup section */
		29171A3E28FF3230000DB9CA = {
			isa = PBXGroup;
			children = (
				29171A4928FF3230000DB9CA /* NewsAPP */,
				29171A4828FF3230000DB9CA /* Products */,
				6F8B2476E12146483723E333 /* Pods */,
				29CBC3BCD914AB3006649E95 /* Frameworks */,
			);
			sourceTree = "<group>";
		};
		29171A4828FF3230000DB9CA /* Products */ = {
			isa = PBXGroup;
			children = (
				29171A4728FF3230000DB9CA /* NewsAPP.app */,
			);
			name = Products;
			sourceTree = "<group>";
		};
		29171A4928FF3230000DB9CA /* NewsAPP */ = {
			isa = PBXGroup;
			children = (
				29171A4A28FF3230000DB9CA /* AppDelegate.swift */,
				29171A6228FF4554000DB9CA /* SecondViewController.swift */,
				29171A5E28FF3CDE000DB9CA /* FirstViewController.swift */,
				292B7EF129003DC80061565B /* LinkTableViewCell.swift */,
				29171A6028FF3D8E000DB9CA /* NewsModel.swift */,
				29171A5328FF3234000DB9CA /* Assets.xcassets */,
				29171A5528FF3234000DB9CA /* LaunchScreen.storyboard */,
				29171A5828FF3234000DB9CA /* Info.plist */,
			);
			path = NewsAPP;
			sourceTree = "<group>";
		};
		29CBC3BCD914AB3006649E95 /* Frameworks */ = {
			isa = PBXGroup;
			children = (
				52C6419A87DF2ABDC6C2CE32 /* Pods_NewsAPP.framework */,
			);
			name = Frameworks;
			sourceTree = "<group>";
		};
		6F8B2476E12146483723E333 /* Pods */ = {
			isa = PBXGroup;
			children = (
				B58FD623B553770994D65ECE /* Pods-NewsAPP.debug.xcconfig */,
				A3ECDA74238AC1FF46A9D228 /* Pods-NewsAPP.release.xcconfig */,
			);
			name = Pods;
			path = Pods;
			sourceTree = "<group>";
		};
/* End PBXGroup section */

/* Begin PBXNativeTarget section */
		29171A4628FF3230000DB9CA /* NewsAPP */ = {
			isa = PBXNativeTarget;
			buildConfigurationList = 29171A5B28FF3234000DB9CA /* Build configuration list for PBXNativeTarget "NewsAPP" */;
			buildPhases = (
				4546B6C1CF036C598C52F742 /* [CP] Check Pods Manifest.lock */,
				29171A4328FF3230000DB9CA /* Sources */,
				29171A4428FF3230000DB9CA /* Frameworks */,
				29171A4528FF3230000DB9CA /* Resources */,
				F9737E5FCB09EFBE2AF08F0D /* [CP] Embed Pods Frameworks */,
			);
			buildRules = (
			);
			dependencies = (
			);
			name = NewsAPP;
			productName = NewsAPP;
			productReference = 29171A4728FF3230000DB9CA /* NewsAPP.app */;
			productType = "com.apple.product-type.application";
		};
/* End PBXNativeTarget section */

/* Begin PBXProject section */
		29171A3F28FF3230000DB9CA /* Project object */ = {
			isa = PBXProject;
			attributes = {
				BuildIndependentTargetsInParallel = 1;
				LastSwiftUpdateCheck = 1340;
				LastUpgradeCheck = 1340;
				TargetAttributes = {
					29171A4628FF3230000DB9CA = {
						CreatedOnToolsVersion = 13.4.1;
					};
				};
			};
			buildConfigurationList = 29171A4228FF3230000DB9CA /* Build configuration list for PBXProject "NewsAPP" */;
			compatibilityVersion = "Xcode 13.0";
			developmentRegion = en;
			hasScannedForEncodings = 0;
			knownRegions = (
				en,
				Base,
			);
			mainGroup = 29171A3E28FF3230000DB9CA;
			productRefGroup = 29171A4828FF3230000DB9CA /* Products */;
			projectDirPath = "";
			projectRoot = "";
			targets = (
				29171A4628FF3230000DB9CA /* NewsAPP */,
			);
		};
/* End PBXProject section */

/* Begin PBXResourcesBuildPhase section */
		29171A4528FF3230000DB9CA /* Resources */ = {
			isa = PBXResourcesBuildPhase;
			buildActionMask = 2147483647;
			files = (
				29171A5728FF3234000DB9CA /* LaunchScreen.storyboard in Resources */,
				29171A5428FF3234000DB9CA /* Assets.xcassets in Resources */,
			);
			runOnlyForDeploymentPostprocessing = 0;
		};
/* End PBXResourcesBuildPhase section */

/* Begin PBXShellScriptBuildPhase section */
		4546B6C1CF036C598C52F742 /* [CP] Check Pods Manifest.lock */ = {
			isa = PBXShellScriptBuildPhase;
			buildActionMask = 2147483647;
			files = (
			);
			inputFileListPaths = (
			);
			inputPaths = (
				"${PODS_PODFILE_DIR_PATH}/Podfile.lock",
				"${PODS_ROOT}/Manifest.lock",
			);
			name = "[CP] Check Pods Manifest.lock";
			outputFileListPaths = (
			);
			outputPaths = (
				"$(DERIVED_FILE_DIR)/Pods-NewsAPP-checkManifestLockResult.txt",
			);
			runOnlyForDeploymentPostprocessing = 0;
			shellPath = /bin/sh;
			shellScript = "diff \"${PODS_PODFILE_DIR_PATH}/Podfile.lock\" \"${PODS_ROOT}/Manifest.lock\" > /dev/null\nif [ $? != 0 ] ; then\n    # print error to STDERR\n    echo \"error: The sandbox is not in sync with the Podfile.lock. Run 'pod install' or update your CocoaPods installation.\" >&2\n    exit 1\nfi\n# This output is used by Xcode 'outputs' to avoid re-running this script phase.\necho \"SUCCESS\" > \"${SCRIPT_OUTPUT_FILE_0}\"\n";
			showEnvVarsInLog = 0;
		};
		F9737E5FCB09EFBE2AF08F0D /* [CP] Embed Pods Frameworks */ = {
			isa = PBXShellScriptBuildPhase;
			buildActionMask = 2147483647;
			files = (
			);
			inputFileListPaths = (
				"${PODS_ROOT}/Target Support Files/Pods-NewsAPP/Pods-NewsAPP-frameworks-${CONFIGURATION}-input-files.xcfilelist",
			);
			name = "[CP] Embed Pods Frameworks";
			outputFileListPaths = (
				"${PODS_ROOT}/Target Support Files/Pods-NewsAPP/Pods-NewsAPP-frameworks-${CONFIGURATION}-output-files.xcfilelist",
			);
			runOnlyForDeploymentPostprocessing = 0;
			shellPath = /bin/sh;
			shellScript = "\"${PODS_ROOT}/Target Support Files/Pods-NewsAPP/Pods-NewsAPP-frameworks.sh\"\n";
			showEnvVarsInLog = 0;
		};
/* End PBXShellScriptBuildPhase section */

/* Begin PBXSourcesBuildPhase section */
		29171A4328FF3230000DB9CA /* Sources */ = {
			isa = PBXSourcesBuildPhase;
			buildActionMask = 2147483647;
			files = (
				292B7EF229003DC80061565B /* LinkTableViewCell.swift in Sources */,
				29171A6128FF3D8E000DB9CA /* NewsModel.swift in Sources */,
				29171A5F28FF3CDE000DB9CA /* FirstViewController.swift in Sources */,
				29171A6328FF4554000DB9CA /* SecondViewController.swift in Sources */,
				29171A4B28FF3230000DB9CA /* AppDelegate.swift in Sources */,
			);
			runOnlyForDeploymentPostprocessing = 0;
		};
/* End PBXSourcesBuildPhase section */

/* Begin PBXVariantGroup section */
		29171A5528FF3234000DB9CA /* LaunchScreen.storyboard */ = {
			isa = PBXVariantGroup;
			children = (
				29171A5628FF3234000DB9CA /* Base */,
			);
			name = LaunchScreen.storyboard;
			sourceTree = "<group>";
		};
/* End PBXVariantGroup section */

/* Begin XCBuildConfiguration section */
		29171A5928FF3234000DB9CA /* Debug */ = {
			isa = XCBuildConfiguration;
			buildSettings = {
				ALWAYS_SEARCH_USER_PATHS = NO;
				CLANG_ANALYZER_NONNULL = YES;
				CLANG_ANALYZER_NUMBER_OBJECT_CONVERSION = YES_AGGRESSIVE;
				CLANG_CXX_LANGUAGE_STANDARD = "gnu++17";
				CLANG_ENABLE_MODULES = YES;
				CLANG_ENABLE_OBJC_ARC = YES;
				CLANG_ENABLE_OBJC_WEAK = YES;
				CLANG_WARN_BLOCK_CAPTURE_AUTORELEASING = YES;
				CLANG_WARN_BOOL_CONVERSION = YES;
				CLANG_WARN_COMMA = YES;
				CLANG_WARN_CONSTANT_CONVERSION = YES;
				CLANG_WARN_DEPRECATED_OBJC_IMPLEMENTATIONS = YES;
				CLANG_WARN_DIRECT_OBJC_ISA_USAGE = YES_ERROR;
				CLANG_WARN_DOCUMENTATION_COMMENTS = YES;
				CLANG_WARN_EMPTY_BODY = YES;
				CLANG_WARN_ENUM_CONVERSION = YES;
				CLANG_WARN_INFINITE_RECURSION = YES;
				CLANG_WARN_INT_CONVERSION = YES;
				CLANG_WARN_NON_LITERAL_NULL_CONVERSION = YES;
				CLANG_WARN_OBJC_IMPLICIT_RETAIN_SELF = YES;
				CLANG_WARN_OBJC_LITERAL_CONVERSION = YES;
				CLANG_WARN_OBJC_ROOT_CLASS = YES_ERROR;
				CLANG_WARN_QUOTED_INCLUDE_IN_FRAMEWORK_HEADER = YES;
				CLANG_WARN_RANGE_LOOP_ANALYSIS = YES;
				CLANG_WARN_STRICT_PROTOTYPES = YES;
				CLANG_WARN_SUSPICIOUS_MOVE = YES;
				CLANG_WARN_UNGUARDED_AVAILABILITY = YES_AGGRESSIVE;
				CLANG_WARN_UNREACHABLE_CODE = YES;
				CLANG_WARN__DUPLICATE_METHOD_MATCH = YES;
				COPY_PHASE_STRIP = NO;
				DEBUG_INFORMATION_FORMAT = dwarf;
				ENABLE_STRICT_OBJC_MSGSEND = YES;
				ENABLE_TESTABILITY = YES;
				GCC_C_LANGUAGE_STANDARD = gnu11;
				GCC_DYNAMIC_NO_PIC = NO;
				GCC_NO_COMMON_BLOCKS = YES;
				GCC_OPTIMIZATION_LEVEL = 0;
				GCC_PREPROCESSOR_DEFINITIONS = (
					"DEBUG=1",
					"$(inherited)",
				);
				GCC_WARN_64_TO_32_BIT_CONVERSION = YES;
				GCC_WARN_ABOUT_RETURN_TYPE = YES_ERROR;
				GCC_WARN_UNDECLARED_SELECTOR = YES;
				GCC_WARN_UNINITIALIZED_AUTOS = YES_AGGRESSIVE;
				GCC_WARN_UNUSED_FUNCTION = YES;
				GCC_WARN_UNUSED_VARIABLE = YES;
				IPHONEOS_DEPLOYMENT_TARGET = 15.5;
				MTL_ENABLE_DEBUG_INFO = INCLUDE_SOURCE;
				MTL_FAST_MATH = YES;
				ONLY_ACTIVE_ARCH = YES;
				SDKROOT = iphoneos;
				SWIFT_ACTIVE_COMPILATION_CONDITIONS = DEBUG;
				SWIFT_OPTIMIZATION_LEVEL = "-Onone";
			};
			name = Debug;
		};
		29171A5A28FF3234000DB9CA /* Release */ = {
			isa = XCBuildConfiguration;
			buildSettings = {
				ALWAYS_SEARCH_USER_PATHS = NO;
				CLANG_ANALYZER_NONNULL = YES;
				CLANG_ANALYZER_NUMBER_OBJECT_CONVERSION = YES_AGGRESSIVE;
				CLANG_CXX_LANGUAGE_STANDARD = "gnu++17";
				CLANG_ENABLE_MODULES = YES;
				CLANG_ENABLE_OBJC_ARC = YES;
				CLANG_ENABLE_OBJC_WEAK = YES;
				CLANG_WARN_BLOCK_CAPTURE_AUTORELEASING = YES;
				CLANG_WARN_BOOL_CONVERSION = YES;
				CLANG_WARN_COMMA = YES;
				CLANG_WARN_CONSTANT_CONVERSION = YES;
				CLANG_WARN_DEPRECATED_OBJC_IMPLEMENTATIONS = YES;
				CLANG_WARN_DIRECT_OBJC_ISA_USAGE = YES_ERROR;
				CLANG_WARN_DOCUMENTATION_COMMENTS = YES;
				CLANG_WARN_EMPTY_BODY = YES;
				CLANG_WARN_ENUM_CONVERSION = YES;
				CLANG_WARN_INFINITE_RECURSION = YES;
				CLANG_WARN_INT_CONVERSION = YES;
				CLANG_WARN_NON_LITERAL_NULL_CONVERSION = YES;
				CLANG_WARN_OBJC_IMPLICIT_RETAIN_SELF = YES;
				CLANG_WARN_OBJC_LITERAL_CONVERSION = YES;
				CLANG_WARN_OBJC_ROOT_CLASS = YES_ERROR;
				CLANG_WARN_QUOTED_INCLUDE_IN_FRAMEWORK_HEADER = YES;
				CLANG_WARN_RANGE_LOOP_ANALYSIS = YES;
				CLANG_WARN_STRICT_PROTOTYPES = YES;
				CLANG_WARN_SUSPICIOUS_MOVE = YES;
				CLANG_WARN_UNGUARDED_AVAILABILITY = YES_AGGRESSIVE;
				CLANG_WARN_UNREACHABLE_CODE = YES;
				CLANG_WARN__DUPLICATE_METHOD_MATCH = YES;
				COPY_PHASE_STRIP = NO;
				DEBUG_INFORMATION_FORMAT = "dwarf-with-dsym";
				ENABLE_NS_ASSERTIONS = NO;
				ENABLE_STRICT_OBJC_MSGSEND = YES;
				GCC_C_LANGUAGE_STANDARD = gnu11;
				GCC_NO_COMMON_BLOCKS = YES;
				GCC_WARN_64_TO_32_BIT_CONVERSION = YES;
				GCC_WARN_ABOUT_RETURN_TYPE = YES_ERROR;
				GCC_WARN_UNDECLARED_SELECTOR = YES;
				GCC_WARN_UNINITIALIZED_AUTOS = YES_AGGRESSIVE;
				GCC_WARN_UNUSED_FUNCTION = YES;
				GCC_WARN_UNUSED_VARIABLE = YES;
				IPHONEOS_DEPLOYMENT_TARGET = 15.5;
				MTL_ENABLE_DEBUG_INFO = NO;
				MTL_FAST_MATH = YES;
				SDKROOT = iphoneos;
				SWIFT_COMPILATION_MODE = wholemodule;
				SWIFT_OPTIMIZATION_LEVEL = "-O";
				VALIDATE_PRODUCT = YES;
			};
			name = Release;
		};
		29171A5C28FF3234000DB9CA /* Debug */ = {
			isa = XCBuildConfiguration;
			baseConfigurationReference = B58FD623B553770994D65ECE /* Pods-NewsAPP.debug.xcconfig */;
			buildSettings = {
				ASSETCATALOG_COMPILER_APPICON_NAME = AppIcon;
				ASSETCATALOG_COMPILER_GLOBAL_ACCENT_COLOR_NAME = AccentColor;
				CODE_SIGN_STYLE = Automatic;
				CURRENT_PROJECT_VERSION = 1;
				DEVELOPMENT_TEAM = 9G6WHDD222;
				GENERATE_INFOPLIST_FILE = YES;
				INFOPLIST_FILE = NewsAPP/Info.plist;
				INFOPLIST_KEY_UIApplicationSupportsIndirectInputEvents = YES;
				INFOPLIST_KEY_UILaunchStoryboardName = LaunchScreen;
				INFOPLIST_KEY_UISupportedInterfaceOrientations_iPad = "UIInterfaceOrientationPortrait UIInterfaceOrientationPortraitUpsideDown UIInterfaceOrientationLandscapeLeft UIInterfaceOrientationLandscapeRight";
				INFOPLIST_KEY_UISupportedInterfaceOrientations_iPhone = "UIInterfaceOrientationPortrait UIInterfaceOrientationLandscapeLeft UIInterfaceOrientationLandscapeRight";
				LD_RUNPATH_SEARCH_PATHS = (
					"$(inherited)",
					"@executable_path/Frameworks",
				);
				MARKETING_VERSION = 1.0;
				PRODUCT_BUNDLE_IDENTIFIER = amir.NewsAPP;
				PRODUCT_NAME = "$(TARGET_NAME)";
				SWIFT_EMIT_LOC_STRINGS = YES;
				SWIFT_VERSION = 5.0;
				TARGETED_DEVICE_FAMILY = "1,2";
			};
			name = Debug;
		};
		29171A5D28FF3234000DB9CA /* Release */ = {
			isa = XCBuildConfiguration;
			baseConfigurationReference = A3ECDA74238AC1FF46A9D228 /* Pods-NewsAPP.release.xcconfig */;
			buildSettings = {
				ASSETCATALOG_COMPILER_APPICON_NAME = AppIcon;
				ASSETCATALOG_COMPILER_GLOBAL_ACCENT_COLOR_NAME = AccentColor;
				CODE_SIGN_STYLE = Automatic;
				CURRENT_PROJECT_VERSION = 1;
				DEVELOPMENT_TEAM = 9G6WHDD222;
				GENERATE_INFOPLIST_FILE = YES;
				INFOPLIST_FILE = NewsAPP/Info.plist;
				INFOPLIST_KEY_UIApplicationSupportsIndirectInputEvents = YES;
				INFOPLIST_KEY_UILaunchStoryboardName = LaunchScreen;
				INFOPLIST_KEY_UISupportedInterfaceOrientations_iPad = "UIInterfaceOrientationPortrait UIInterfaceOrientationPortraitUpsideDown UIInterfaceOrientationLandscapeLeft UIInterfaceOrientationLandscapeRight";
				INFOPLIST_KEY_UISupportedInterfaceOrientations_iPhone = "UIInterfaceOrientationPortrait UIInterfaceOrientationLandscapeLeft UIInterfaceOrientationLandscapeRight";
				LD_RUNPATH_SEARCH_PATHS = (
					"$(inherited)",
					"@executable_path/Frameworks",
				);
				MARKETING_VERSION = 1.0;
				PRODUCT_BUNDLE_IDENTIFIER = amir.NewsAPP;
				PRODUCT_NAME = "$(TARGET_NAME)";
				SWIFT_EMIT_LOC_STRINGS = YES;
				SWIFT_VERSION = 5.0;
				TARGETED_DEVICE_FAMILY = "1,2";
			};
			name = Release;
		};
/* End XCBuildConfiguration section */

/* Begin XCConfigurationList section */
		29171A4228FF3230000DB9CA /* Build configuration list for PBXProject "NewsAPP" */ = {
			isa = XCConfigurationList;
			buildConfigurations = (
				29171A5928FF3234000DB9CA /* Debug */,
				29171A5A28FF3234000DB9CA /* Release */,
			);
			defaultConfigurationIsVisible = 0;
			defaultConfigurationName = Release;
		};
		29171A5B28FF3234000DB9CA /* Build configuration list for PBXNativeTarget "NewsAPP" */ = {
			isa = XCConfigurationList;
			buildConfigurations = (
				29171A5C28FF3234000DB9CA /* Debug */,
				29171A5D28FF3234000DB9CA /* Release */,
			);
			defaultConfigurationIsVisible = 0;
			defaultConfigurationName = Release;
		};
/* End XCConfigurationList section */
	};
	rootObject = 29171A3F28FF3230000DB9CA /* Project object */;
}
